
Microsoft Visual Studio Solution File, Format Version 12.00
# Visual Studio 2012
Project("{FAE04EC0-301F-11D3-BF4B-00C04F79EFBC}") = "TimeBasedOTP", "TimeBasedOTP\TimeBasedOTP.csproj", "{C792F352-9D21-4838-977B-07D852128C57}"
EndProject
Project("{FAE04EC0-301F-11D3-BF4B-00C04F79EFBC}") = "UnitTest.TimeBasedOTP", "UnitTest.TimeBasedOTP\UnitTest.TimeBasedOTP.csproj", "{BDC9F64E-FB9A-44FE-8FAF-711C8D525C7B}"
EndProject
Project("{FAE04EC0-301F-11D3-BF4B-00C04F79EFBC}") = "TimeBasedOTPConsole", "TimeBasedOTPConsole\TimeBasedOTPConsole.csproj", "{FCC29538-DD57-430D-9C19-47AC66FD3463}"
EndProject
Global
	GlobalSection(SolutionConfigurationPlatforms) = preSolution
		Debug|Any CPU = Debug|Any CPU
		Release|Any CPU = Release|Any CPU
	EndGlobalSection
	GlobalSection(ProjectConfigurationPlatforms) = postSolution
		{C792F352-9D21-4838-977B-07D852128C57}.Debug|Any CPU.ActiveCfg = Debug|Any CPU
		{C792F352-9D21-4838-977B-07D852128C57}.Debug|Any CPU.Build.0 = Debug|Any CPU
		{C792F352-9D21-4838-977B-07D852128C57}.Release|Any CPU.ActiveCfg = Release|Any CPU
		{C792F352-9D21-4838-977B-07D852128C57}.Release|Any CPU.Build.0 = Release|Any CPU
		{BDC9F64E-FB9A-44FE-8FAF-711C8D525C7B}.Debug|Any CPU.ActiveCfg = Debug|Any CPU
		{BDC9F64E-FB9A-44FE-8FAF-711C8D525C7B}.Debug|Any CPU.Build.0 = Debug|Any CPU
		{BDC9F64E-FB9A-44FE-8FAF-711C8D525C7B}.Release|Any CPU.ActiveCfg = Release|Any CPU
		{BDC9F64E-FB9A-44FE-8FAF-711C8D525C7B}.Release|Any CPU.Build.0 = Release|Any CPU
		{FCC29538-DD57-430D-9C19-47AC66FD3463}.Debug|Any CPU.ActiveCfg = Debug|Any CPU
		{FCC29538-DD57-430D-9C19-47AC66FD3463}.Debug|Any CPU.Build.0 = Debug|Any CPU
		{FCC29538-DD57-430D-9C19-47AC66FD3463}.Release|Any CPU.ActiveCfg = Release|Any CPU
		{FCC29538-DD57-430D-9C19-47AC66FD3463}.Release|Any CPU.Build.0 = Release|Any CPU
	EndGlobalSection
	GlobalSection(SolutionProperties) = preSolution
		HideSolutionNode = FALSE
	EndGlobalSection
EndGlobal
